
Microsoft Visual Studio Solution File, Format Version 12.00
# Visual Studio 2012
Project("{8BC9CEB8-8B4A-11D0-8D11-00A0C91BC942}") = "Introductory21 Project", "Introductory21 Project.vcxproj", "{F5CE8B05-8B7D-4D3E-98A0-DB950C5FB5D1}"
EndProject
Global
	GlobalSection(SolutionConfigurationPlatforms) = preSolution
		Debug|Win32 = Debug|Win32
		Release|Win32 = Release|Win32
	EndGlobalSection
	GlobalSection(ProjectConfigurationPlatforms) = postSolution
		{F5CE8B05-8B7D-4D3E-98A0-DB950C5FB5D1}.Debug|Win32.ActiveCfg = Debug|Win32
		{F5CE8B05-8B7D-4D3E-98A0-DB950C5FB5D1}.Debug|Win32.Build.0 = Debug|Win32
		{F5CE8B05-8B7D-4D3E-98A0-DB950C5FB5D1}.Release|Win32.ActiveCfg = Release|Win32
		{F5CE8B05-8B7D-4D3E-98A0-DB950C5FB5D1}.Release|Win32.Build.0 = Release|Win32
	EndGlobalSection
	GlobalSection(SolutionProperties) = preSolution
		HideSolutionNode = FALSE
	EndGlobalSection
EndGlobal
