
Microsoft Visual Studio Solution File, Format Version 12.00
# Visual Studio 2012
Project("{8BC9CEB8-8B4A-11D0-8D11-00A0C91BC942}") = "Lab15-1 Project", "Lab15-1 Project.vcxproj", "{514D53E5-6214-4823-8730-80D838ACFF8D}"
EndProject
Global
	GlobalSection(SolutionConfigurationPlatforms) = preSolution
		Debug|Win32 = Debug|Win32
		Release|Win32 = Release|Win32
	EndGlobalSection
	GlobalSection(ProjectConfigurationPlatforms) = postSolution
		{514D53E5-6214-4823-8730-80D838ACFF8D}.Debug|Win32.ActiveCfg = Debug|Win32
		{514D53E5-6214-4823-8730-80D838ACFF8D}.Debug|Win32.Build.0 = Debug|Win32
		{514D53E5-6214-4823-8730-80D838ACFF8D}.Release|Win32.ActiveCfg = Release|Win32
		{514D53E5-6214-4823-8730-80D838ACFF8D}.Release|Win32.Build.0 = Release|Win32
	EndGlobalSection
	GlobalSection(SolutionProperties) = preSolution
		HideSolutionNode = FALSE
	EndGlobalSection
EndGlobal
