
Microsoft Visual Studio Solution File, Format Version 12.00
# Visual Studio 11
Project("{8BC9CEB8-8B4A-11D0-8D11-00A0C91BC942}") = "Advanced20 Project", "Advanced20 Project.vcxproj", "{5CBE9169-F5C5-5105-4CDF-8160F1C22FC1}"
EndProject
Global
	GlobalSection(SolutionConfigurationPlatforms) = preSolution
		Debug|Win32 = Debug|Win32
		Release|Win32 = Release|Win32
	EndGlobalSection
	GlobalSection(ProjectConfigurationPlatforms) = postSolution
		{5CBE9169-F5C5-5105-4CDF-8160F1C22FC1}.Debug|Win32.ActiveCfg = Debug|Win32
		{5CBE9169-F5C5-5105-4CDF-8160F1C22FC1}.Debug|Win32.Build.0 = Debug|Win32
		{5CBE9169-F5C5-5105-4CDF-8160F1C22FC1}.Release|Win32.ActiveCfg = Release|Win32
		{5CBE9169-F5C5-5105-4CDF-8160F1C22FC1}.Release|Win32.Build.0 = Release|Win32
	EndGlobalSection
	GlobalSection(SolutionProperties) = preSolution
		HideSolutionNode = FALSE
	EndGlobalSection
EndGlobal
