
Microsoft Visual Studio Solution File, Format Version 12.00
# Visual Studio 2012
Project("{8BC9CEB8-8B4A-11D0-8D11-00A0C91BC942}") = "TryThis7 Project", "TryThis7 Project.vcxproj", "{42600CB2-50DD-4F84-90D6-DF92CB06340F}"
EndProject
Global
	GlobalSection(SolutionConfigurationPlatforms) = preSolution
		Debug|Win32 = Debug|Win32
		Release|Win32 = Release|Win32
	EndGlobalSection
	GlobalSection(ProjectConfigurationPlatforms) = postSolution
		{42600CB2-50DD-4F84-90D6-DF92CB06340F}.Debug|Win32.ActiveCfg = Debug|Win32
		{42600CB2-50DD-4F84-90D6-DF92CB06340F}.Debug|Win32.Build.0 = Debug|Win32
		{42600CB2-50DD-4F84-90D6-DF92CB06340F}.Release|Win32.ActiveCfg = Release|Win32
		{42600CB2-50DD-4F84-90D6-DF92CB06340F}.Release|Win32.Build.0 = Release|Win32
	EndGlobalSection
	GlobalSection(SolutionProperties) = preSolution
		HideSolutionNode = FALSE
	EndGlobalSection
EndGlobal
