
Microsoft Visual Studio Solution File, Format Version 12.00
# Visual Studio 2012
Project("{8BC9CEB8-8B4A-11D0-8D11-00A0C91BC942}") = "Lab13-5 Project", "Lab13-5 Project.vcxproj", "{A94FAE3C-F14B-4571-9140-727ED3E63820}"
EndProject
Global
	GlobalSection(SolutionConfigurationPlatforms) = preSolution
		Debug|Win32 = Debug|Win32
		Release|Win32 = Release|Win32
	EndGlobalSection
	GlobalSection(ProjectConfigurationPlatforms) = postSolution
		{A94FAE3C-F14B-4571-9140-727ED3E63820}.Debug|Win32.ActiveCfg = Debug|Win32
		{A94FAE3C-F14B-4571-9140-727ED3E63820}.Debug|Win32.Build.0 = Debug|Win32
		{A94FAE3C-F14B-4571-9140-727ED3E63820}.Release|Win32.ActiveCfg = Release|Win32
		{A94FAE3C-F14B-4571-9140-727ED3E63820}.Release|Win32.Build.0 = Release|Win32
	EndGlobalSection
	GlobalSection(SolutionProperties) = preSolution
		HideSolutionNode = FALSE
	EndGlobalSection
EndGlobal
