
Microsoft Visual Studio Solution File, Format Version 12.00
# Visual Studio 11
Project("{8BC9CEB8-8B4A-11D0-8D11-00A0C91BC942}") = "SwatTheBugs26 Project", "SwatTheBugs26 Project.vcxproj", "{ED76A47D-9E59-8D0A-8357-A8D4DDE74A6F}"
EndProject
Global
	GlobalSection(SolutionConfigurationPlatforms) = preSolution
		Debug|Win32 = Debug|Win32
		Release|Win32 = Release|Win32
	EndGlobalSection
	GlobalSection(ProjectConfigurationPlatforms) = postSolution
		{ED76A47D-9E59-8D0A-8357-A8D4DDE74A6F}.Debug|Win32.ActiveCfg = Debug|Win32
		{ED76A47D-9E59-8D0A-8357-A8D4DDE74A6F}.Debug|Win32.Build.0 = Debug|Win32
		{ED76A47D-9E59-8D0A-8357-A8D4DDE74A6F}.Release|Win32.ActiveCfg = Release|Win32
		{ED76A47D-9E59-8D0A-8357-A8D4DDE74A6F}.Release|Win32.Build.0 = Release|Win32
	EndGlobalSection
	GlobalSection(SolutionProperties) = preSolution
		HideSolutionNode = FALSE
	EndGlobalSection
EndGlobal
