
Microsoft Visual Studio Solution File, Format Version 12.00
# Visual Studio 2012
Project("{8BC9CEB8-8B4A-11D0-8D11-00A0C91BC942}") = "SwatTheBugs28 Project", "SwatTheBugs28 Project.vcxproj", "{114A0D1E-DF6A-4C44-AF24-7843249A263E}"
EndProject
Global
	GlobalSection(SolutionConfigurationPlatforms) = preSolution
		Debug|Win32 = Debug|Win32
		Release|Win32 = Release|Win32
	EndGlobalSection
	GlobalSection(ProjectConfigurationPlatforms) = postSolution
		{114A0D1E-DF6A-4C44-AF24-7843249A263E}.Debug|Win32.ActiveCfg = Debug|Win32
		{114A0D1E-DF6A-4C44-AF24-7843249A263E}.Debug|Win32.Build.0 = Debug|Win32
		{114A0D1E-DF6A-4C44-AF24-7843249A263E}.Release|Win32.ActiveCfg = Release|Win32
		{114A0D1E-DF6A-4C44-AF24-7843249A263E}.Release|Win32.Build.0 = Release|Win32
	EndGlobalSection
	GlobalSection(SolutionProperties) = preSolution
		HideSolutionNode = FALSE
	EndGlobalSection
EndGlobal
