
Microsoft Visual Studio Solution File, Format Version 12.00
# Visual Studio 2012
Project("{8BC9CEB8-8B4A-11D0-8D11-00A0C91BC942}") = "Lab14-1 Project", "Lab14-1 Project.vcxproj", "{189EDF44-4096-4924-8F9A-7E93CE3054F5}"
EndProject
Global
	GlobalSection(SolutionConfigurationPlatforms) = preSolution
		Debug|Win32 = Debug|Win32
		Release|Win32 = Release|Win32
	EndGlobalSection
	GlobalSection(ProjectConfigurationPlatforms) = postSolution
		{189EDF44-4096-4924-8F9A-7E93CE3054F5}.Debug|Win32.ActiveCfg = Debug|Win32
		{189EDF44-4096-4924-8F9A-7E93CE3054F5}.Debug|Win32.Build.0 = Debug|Win32
		{189EDF44-4096-4924-8F9A-7E93CE3054F5}.Release|Win32.ActiveCfg = Release|Win32
		{189EDF44-4096-4924-8F9A-7E93CE3054F5}.Release|Win32.Build.0 = Release|Win32
	EndGlobalSection
	GlobalSection(SolutionProperties) = preSolution
		HideSolutionNode = FALSE
	EndGlobalSection
EndGlobal
